<?xml version="1.0" encoding="utf-8"?>
<Project ToolsVersion="4.0" xmlns="http://schemas.microsoft.com/developer/msbuild/2003">
  <ItemGroup>
    <Filter Include="Source Files">
      <UniqueIdentifier>{4FC737F1-C7A5-4376-A066-2A32D752A2FF}</UniqueIdentifier>
      <Extensions>cpp;c;cc;cxx;c++;cppm;ixx;def;odl;idl;hpj;bat;asm;asmx</Extensions>
    </Filter>
    <Filter Include="Header Files">
      <UniqueIdentifier>{93995380-89BD-4b04-88EB-625FBE52EBFB}</UniqueIdentifier>
      <Extensions>h;hh;hpp;hxx;h++;hm;inl;inc;ipp;xsd</Extensions>
    </Filter>
    <Filter Include="Resource Files">
      <UniqueIdentifier>{67DA6AB6-F800-4c08-8B7A-83BB121AAD01}</UniqueIdentifier>
      <Extensions>rc;ico;cur;bmp;dlg;rc2;rct;bin;rgs;gif;jpg;jpeg;jpe;resx;tiff;tif;png;wav;mfcribbon-ms</Extensions>
    </Filter>
    <Filter Include="Header Files\DS">
      <UniqueIdentifier>{7758c9a8-8a2b-42b4-916d-40ae88fb44ab}</UniqueIdentifier>
    </Filter>
    <Filter Include="Header Files\soln_clsDblLinkedList">
      <UniqueIdentifier>{fe917a4b-f20d-467f-bd20-5098e1936ae1}</UniqueIdentifier>
    </Filter>
    <Filter Include="Header Files\soln_clsMyQueue">
      <UniqueIdentifier>{6687a815-26e1-4ee3-8925-bcec8e8874b0}</UniqueIdentifier>
    </Filter>
    <Filter Include="Header Files\soln_">
      <UniqueIdentifier>{0d005ca8-e72d-41c1-ba00-4c5b04fc2b00}</UniqueIdentifier>
    </Filter>
  </ItemGroup>
  <ItemGroup>
    <ClCompile Include="algorithms_level5.cpp">
      <Filter>Source Files</Filter>
    </ClCompile>
  </ItemGroup>
  <ItemGroup>
    <ClInclude Include="clsDblLinkedList.h">
      <Filter>Header Files\DS</Filter>
    </ClInclude>
    <ClInclude Include="1-ex1.h">
      <Filter>Header Files\soln_clsDblLinkedList</Filter>
    </ClInclude>
    <ClInclude Include="1-ex2.h">
      <Filter>Header Files\soln_clsDblLinkedList</Filter>
    </ClInclude>
    <ClInclude Include="1-ex3.h">
      <Filter>Header Files\soln_clsDblLinkedList</Filter>
    </ClInclude>
    <ClInclude Include="1-ex4.h">
      <Filter>Header Files\soln_clsDblLinkedList</Filter>
    </ClInclude>
    <ClInclude Include="1-ex5.h">
      <Filter>Header Files\soln_clsDblLinkedList</Filter>
    </ClInclude>
    <ClInclude Include="1-ex6.h">
      <Filter>Header Files\soln_clsDblLinkedList</Filter>
    </ClInclude>
    <ClInclude Include="DblLinkedListEx.h">
      <Filter>Header Files\soln_clsDblLinkedList</Filter>
    </ClInclude>
    <ClInclude Include="1-ex7.h">
      <Filter>Header Files\soln_clsDblLinkedList</Filter>
    </ClInclude>
    <ClInclude Include="1-ex8.h">
      <Filter>Header Files\soln_clsDblLinkedList</Filter>
    </ClInclude>
    <ClInclude Include="clsMyQueue.h">
      <Filter>Header Files\DS</Filter>
    </ClInclude>
    <ClInclude Include="clsMyQueueEx.h">
      <Filter>Header Files\soln_clsMyQueue</Filter>
    </ClInclude>
    <ClInclude Include="clsMyQueueExtensions.h">
      <Filter>Header Files\soln_clsMyQueue</Filter>
    </ClInclude>
    <ClInclude Include="clsMyStack.h">
      <Filter>Header Files\DS</Filter>
    </ClInclude>
    <ClInclude Include="clsMyStackEx.h">
      <Filter>Header Files</Filter>
    </ClInclude>
    <ClInclude Include="clsDynamicArray.h">
      <Filter>Header Files\DS</Filter>
    </ClInclude>
    <ClInclude Include="clsDynaminArrayEx.h">
      <Filter>Header Files\soln_</Filter>
    </ClInclude>
  </ItemGroup>
</Project>